
Microsoft Visual Studio Solution File, Format Version 12.00
# Visual Studio Version 17
VisualStudioVersion = 17.0.31903.59
MinimumVisualStudioVersion = 10.0.40219.1
Project("{FAE04EC0-301F-11D3-BF4B-00C04F79EFBC}") = "API", "API\API.csproj", "{928C10D6-4656-4F22-A038-C01B9B09F95E}"
EndProject
Project("{FAE04EC0-301F-11D3-BF4B-00C04F79EFBC}") = "BLL", "BLL\BLL.csproj", "{A9E791AB-7790-49F1-8D52-3A440F29EE8C}"
EndProject
Project("{FAE04EC0-301F-11D3-BF4B-00C04F79EFBC}") = "DAL", "DAL\DAL.csproj", "{E0538114-C397-4BBD-BBC2-2EA7A74C73A6}"
EndProject
Project("{FAE04EC0-301F-11D3-BF4B-00C04F79EFBC}") = "DTO", "DTO\DTO.csproj", "{B0025247-34FA-4540-BBD6-329128692D4F}"
EndProject
Global
	GlobalSection(SolutionConfigurationPlatforms) = preSolution
		Debug|Any CPU = Debug|Any CPU
		Release|Any CPU = Release|Any CPU
	EndGlobalSection
	GlobalSection(SolutionProperties) = preSolution
		HideSolutionNode = FALSE
	EndGlobalSection
	GlobalSection(ProjectConfigurationPlatforms) = postSolution
		{928C10D6-4656-4F22-A038-C01B9B09F95E}.Debug|Any CPU.ActiveCfg = Debug|Any CPU
		{928C10D6-4656-4F22-A038-C01B9B09F95E}.Debug|Any CPU.Build.0 = Debug|Any CPU
		{928C10D6-4656-4F22-A038-C01B9B09F95E}.Release|Any CPU.ActiveCfg = Release|Any CPU
		{928C10D6-4656-4F22-A038-C01B9B09F95E}.Release|Any CPU.Build.0 = Release|Any CPU
		{A9E791AB-7790-49F1-8D52-3A440F29EE8C}.Debug|Any CPU.ActiveCfg = Debug|Any CPU
		{A9E791AB-7790-49F1-8D52-3A440F29EE8C}.Debug|Any CPU.Build.0 = Debug|Any CPU
		{A9E791AB-7790-49F1-8D52-3A440F29EE8C}.Release|Any CPU.ActiveCfg = Release|Any CPU
		{A9E791AB-7790-49F1-8D52-3A440F29EE8C}.Release|Any CPU.Build.0 = Release|Any CPU
		{E0538114-C397-4BBD-BBC2-2EA7A74C73A6}.Debug|Any CPU.ActiveCfg = Debug|Any CPU
		{E0538114-C397-4BBD-BBC2-2EA7A74C73A6}.Debug|Any CPU.Build.0 = Debug|Any CPU
		{E0538114-C397-4BBD-BBC2-2EA7A74C73A6}.Release|Any CPU.ActiveCfg = Release|Any CPU
		{E0538114-C397-4BBD-BBC2-2EA7A74C73A6}.Release|Any CPU.Build.0 = Release|Any CPU
		{B0025247-34FA-4540-BBD6-329128692D4F}.Debug|Any CPU.ActiveCfg = Debug|Any CPU
		{B0025247-34FA-4540-BBD6-329128692D4F}.Debug|Any CPU.Build.0 = Debug|Any CPU
		{B0025247-34FA-4540-BBD6-329128692D4F}.Release|Any CPU.ActiveCfg = Release|Any CPU
		{B0025247-34FA-4540-BBD6-329128692D4F}.Release|Any CPU.Build.0 = Release|Any CPU
	EndGlobalSection
EndGlobal
